
Microsoft Visual Studio Solution File, Format Version 12.00
# Visual Studio Version 17
VisualStudioVersion = 17.5.33424.131
MinimumVisualStudioVersion = 10.0.40219.1
Project("{2150E333-8FDC-42A3-9474-1A3956D46DE8}") = "src", "src", "{9406F0D4-017F-4F75-9DA1-02ABE3969892}"
EndProject
Project("{2150E333-8FDC-42A3-9474-1A3956D46DE8}") = "tests", "tests", "{2E92A59D-DDA1-4CD1-B506-21AAD66DB1B7}"
EndProject
Project("{2150E333-8FDC-42A3-9474-1A3956D46DE8}") = "Core", "Core", "{68244361-3E16-42A0-A184-9E67C2B36CF7}"
EndProject
Project("{9A19103F-16F7-4668-BE54-9A1E7A4F7556}") = "Application", "src\Core\Application\Application.csproj", "{A3326E15-063B-424A-B600-B5E5B5B8D5BE}"
EndProject
Project("{9A19103F-16F7-4668-BE54-9A1E7A4F7556}") = "Domain", "src\Core\Domain\Domain.csproj", "{BAB88CDC-F970-485F-8B0A-362F25E1E726}"
EndProject
Project("{9A19103F-16F7-4668-BE54-9A1E7A4F7556}") = "Infrastructure", "src\Adapters\Driven\Infrastructure\Infrastructure.csproj", "{08B81AF4-5071-4239-9698-8F3E1BBFCC4E}"
EndProject
Project("{9A19103F-16F7-4668-BE54-9A1E7A4F7556}") = "Web.Api", "src\Adapters\Driving\Web.Api\Web.Api.csproj", "{38F87FB6-5A77-4F10-B9A0-B8539E0B731B}"
EndProject
Project("{9A19103F-16F7-4668-BE54-9A1E7A4F7556}") = "Persistence", "src\Adapters\Driven\Persistence\Persistence.csproj", "{1CF874B9-4FDB-4C86-8608-5AD0E58D4754}"
EndProject
Project("{2150E333-8FDC-42A3-9474-1A3956D46DE8}") = "Solution Items", "Solution Items", "{5151E50C-A595-478F-90C1-8F619215C699}"
	ProjectSection(SolutionItems) = preProject
		.editorconfig = .editorconfig
		Directory.Build.props = Directory.Build.props
	EndProjectSection
EndProject
Project("{9A19103F-16F7-4668-BE54-9A1E7A4F7556}") = "Infrastructure.Tests", "tests\Infrastructure.Tests\Infrastructure.Tests.csproj", "{D0A414BF-3CC9-441F-8882-240115BB8011}"
EndProject
Project("{E53339B2-1760-4266-BCC7-CA923CBCF16C}") = "docker-compose", "docker-compose.dcproj", "{9CB0504F-180B-4539-AC76-FB80E6A002D2}"
EndProject
Project("{9A19103F-16F7-4668-BE54-9A1E7A4F7556}") = "Application.Tests", "tests\Application.Tests\Application.Tests.csproj", "{1A74AACD-F754-4C26-BB3B-B8664BED8D66}"
EndProject
Project("{9A19103F-16F7-4668-BE54-9A1E7A4F7556}") = "Domain.Tests", "tests\Domain.Tests\Domain.Tests.csproj", "{2A93CF90-2C57-45F4-AC73-C92D3BD75357}"
EndProject
Project("{9A19103F-16F7-4668-BE54-9A1E7A4F7556}") = "Utils.Tests", "tests\Utils.Tests\Utils.Tests.csproj", "{D95BA8DF-5518-435A-9325-165FEF120068}"
EndProject
Project("{9A19103F-16F7-4668-BE54-9A1E7A4F7556}") = "Contract.Tests", "tests\Contract.Tests\Contract.Tests.csproj", "{E5BD67AB-0D5E-48C9-80F3-2FE0235B0ADE}"
EndProject
Project("{2150E333-8FDC-42A3-9474-1A3956D46DE8}") = "External", "External", "{95879116-2DD6-44D0-9EC6-9928C6788879}"
EndProject
Global
	GlobalSection(SolutionConfigurationPlatforms) = preSolution
		Debug|Any CPU = Debug|Any CPU
		Release|Any CPU = Release|Any CPU
	EndGlobalSection
	GlobalSection(ProjectConfigurationPlatforms) = postSolution
		{A3326E15-063B-424A-B600-B5E5B5B8D5BE}.Debug|Any CPU.ActiveCfg = Debug|Any CPU
		{A3326E15-063B-424A-B600-B5E5B5B8D5BE}.Debug|Any CPU.Build.0 = Debug|Any CPU
		{A3326E15-063B-424A-B600-B5E5B5B8D5BE}.Release|Any CPU.ActiveCfg = Release|Any CPU
		{A3326E15-063B-424A-B600-B5E5B5B8D5BE}.Release|Any CPU.Build.0 = Release|Any CPU
		{BAB88CDC-F970-485F-8B0A-362F25E1E726}.Debug|Any CPU.ActiveCfg = Debug|Any CPU
		{BAB88CDC-F970-485F-8B0A-362F25E1E726}.Debug|Any CPU.Build.0 = Debug|Any CPU
		{BAB88CDC-F970-485F-8B0A-362F25E1E726}.Release|Any CPU.ActiveCfg = Release|Any CPU
		{BAB88CDC-F970-485F-8B0A-362F25E1E726}.Release|Any CPU.Build.0 = Release|Any CPU
		{08B81AF4-5071-4239-9698-8F3E1BBFCC4E}.Debug|Any CPU.ActiveCfg = Debug|Any CPU
		{08B81AF4-5071-4239-9698-8F3E1BBFCC4E}.Debug|Any CPU.Build.0 = Debug|Any CPU
		{08B81AF4-5071-4239-9698-8F3E1BBFCC4E}.Release|Any CPU.ActiveCfg = Release|Any CPU
		{08B81AF4-5071-4239-9698-8F3E1BBFCC4E}.Release|Any CPU.Build.0 = Release|Any CPU
		{38F87FB6-5A77-4F10-B9A0-B8539E0B731B}.Debug|Any CPU.ActiveCfg = Debug|Any CPU
		{38F87FB6-5A77-4F10-B9A0-B8539E0B731B}.Debug|Any CPU.Build.0 = Debug|Any CPU
		{38F87FB6-5A77-4F10-B9A0-B8539E0B731B}.Release|Any CPU.ActiveCfg = Release|Any CPU
		{38F87FB6-5A77-4F10-B9A0-B8539E0B731B}.Release|Any CPU.Build.0 = Release|Any CPU
		{1CF874B9-4FDB-4C86-8608-5AD0E58D4754}.Debug|Any CPU.ActiveCfg = Debug|Any CPU
		{1CF874B9-4FDB-4C86-8608-5AD0E58D4754}.Debug|Any CPU.Build.0 = Debug|Any CPU
		{1CF874B9-4FDB-4C86-8608-5AD0E58D4754}.Release|Any CPU.ActiveCfg = Release|Any CPU
		{1CF874B9-4FDB-4C86-8608-5AD0E58D4754}.Release|Any CPU.Build.0 = Release|Any CPU
		{D0A414BF-3CC9-441F-8882-240115BB8011}.Debug|Any CPU.ActiveCfg = Debug|Any CPU
		{D0A414BF-3CC9-441F-8882-240115BB8011}.Debug|Any CPU.Build.0 = Debug|Any CPU
		{D0A414BF-3CC9-441F-8882-240115BB8011}.Release|Any CPU.ActiveCfg = Release|Any CPU
		{D0A414BF-3CC9-441F-8882-240115BB8011}.Release|Any CPU.Build.0 = Release|Any CPU
		{9CB0504F-180B-4539-AC76-FB80E6A002D2}.Debug|Any CPU.ActiveCfg = Debug|Any CPU
		{9CB0504F-180B-4539-AC76-FB80E6A002D2}.Debug|Any CPU.Build.0 = Debug|Any CPU
		{9CB0504F-180B-4539-AC76-FB80E6A002D2}.Release|Any CPU.ActiveCfg = Release|Any CPU
		{9CB0504F-180B-4539-AC76-FB80E6A002D2}.Release|Any CPU.Build.0 = Release|Any CPU
		{1A74AACD-F754-4C26-BB3B-B8664BED8D66}.Debug|Any CPU.ActiveCfg = Debug|Any CPU
		{1A74AACD-F754-4C26-BB3B-B8664BED8D66}.Debug|Any CPU.Build.0 = Debug|Any CPU
		{1A74AACD-F754-4C26-BB3B-B8664BED8D66}.Release|Any CPU.ActiveCfg = Release|Any CPU
		{1A74AACD-F754-4C26-BB3B-B8664BED8D66}.Release|Any CPU.Build.0 = Release|Any CPU
		{2A93CF90-2C57-45F4-AC73-C92D3BD75357}.Debug|Any CPU.ActiveCfg = Debug|Any CPU
		{2A93CF90-2C57-45F4-AC73-C92D3BD75357}.Debug|Any CPU.Build.0 = Debug|Any CPU
		{2A93CF90-2C57-45F4-AC73-C92D3BD75357}.Release|Any CPU.ActiveCfg = Release|Any CPU
		{2A93CF90-2C57-45F4-AC73-C92D3BD75357}.Release|Any CPU.Build.0 = Release|Any CPU
		{D95BA8DF-5518-435A-9325-165FEF120068}.Debug|Any CPU.ActiveCfg = Debug|Any CPU
		{D95BA8DF-5518-435A-9325-165FEF120068}.Debug|Any CPU.Build.0 = Debug|Any CPU
		{D95BA8DF-5518-435A-9325-165FEF120068}.Release|Any CPU.ActiveCfg = Release|Any CPU
		{D95BA8DF-5518-435A-9325-165FEF120068}.Release|Any CPU.Build.0 = Release|Any CPU
		{E5BD67AB-0D5E-48C9-80F3-2FE0235B0ADE}.Debug|Any CPU.ActiveCfg = Debug|Any CPU
		{E5BD67AB-0D5E-48C9-80F3-2FE0235B0ADE}.Debug|Any CPU.Build.0 = Debug|Any CPU
		{E5BD67AB-0D5E-48C9-80F3-2FE0235B0ADE}.Release|Any CPU.ActiveCfg = Release|Any CPU
		{E5BD67AB-0D5E-48C9-80F3-2FE0235B0ADE}.Release|Any CPU.Build.0 = Release|Any CPU
	EndGlobalSection
	GlobalSection(SolutionProperties) = preSolution
		HideSolutionNode = FALSE
	EndGlobalSection
	GlobalSection(NestedProjects) = preSolution
		{68244361-3E16-42A0-A184-9E67C2B36CF7} = {9406F0D4-017F-4F75-9DA1-02ABE3969892}
		{A3326E15-063B-424A-B600-B5E5B5B8D5BE} = {68244361-3E16-42A0-A184-9E67C2B36CF7}
		{BAB88CDC-F970-485F-8B0A-362F25E1E726} = {68244361-3E16-42A0-A184-9E67C2B36CF7}
		{08B81AF4-5071-4239-9698-8F3E1BBFCC4E} = {68244361-3E16-42A0-A184-9E67C2B36CF7}
		{38F87FB6-5A77-4F10-B9A0-B8539E0B731B} = {95879116-2DD6-44D0-9EC6-9928C6788879}
		{1CF874B9-4FDB-4C86-8608-5AD0E58D4754} = {95879116-2DD6-44D0-9EC6-9928C6788879}
		{D0A414BF-3CC9-441F-8882-240115BB8011} = {2E92A59D-DDA1-4CD1-B506-21AAD66DB1B7}
		{1A74AACD-F754-4C26-BB3B-B8664BED8D66} = {2E92A59D-DDA1-4CD1-B506-21AAD66DB1B7}
		{2A93CF90-2C57-45F4-AC73-C92D3BD75357} = {2E92A59D-DDA1-4CD1-B506-21AAD66DB1B7}
		{D95BA8DF-5518-435A-9325-165FEF120068} = {2E92A59D-DDA1-4CD1-B506-21AAD66DB1B7}
		{E5BD67AB-0D5E-48C9-80F3-2FE0235B0ADE} = {2E92A59D-DDA1-4CD1-B506-21AAD66DB1B7}
		{95879116-2DD6-44D0-9EC6-9928C6788879} = {9406F0D4-017F-4F75-9DA1-02ABE3969892}
	EndGlobalSection
	GlobalSection(ExtensibilityGlobals) = postSolution
		SolutionGuid = {DDC75282-97A2-4271-B9B6-E381FE22D6F8}
	EndGlobalSection
EndGlobal
